
Microsoft Visual Studio Solution File, Format Version 12.00
# Visual Studio Version 17
VisualStudioVersion = 17.6.33927.249
MinimumVisualStudioVersion = 10.0.40219.1
Project("{FAE04EC0-301F-11D3-BF4B-00C04F79EFBC}") = "CalculatorMathOperationsAndUnittests", "CalculatorMathOperationsAndUnittests\CalculatorMathOperationsAndUnittests.csproj", "{4B3EEBC2-3AFA-40EB-9C1D-FA39C2D28EF1}"
EndProject
Project("{FAE04EC0-301F-11D3-BF4B-00C04F79EFBC}") = "CalculatorMathOperationsAndUnittestsTests", "CalculatorMathOperationsAndUnittestsTests\CalculatorMathOperationsAndUnittestsTests.csproj", "{510E2335-CCFC-4DCA-9A3B-6C382373E10A}"
EndProject
Global
	GlobalSection(SolutionConfigurationPlatforms) = preSolution
		Debug|Any CPU = Debug|Any CPU
		Release|Any CPU = Release|Any CPU
	EndGlobalSection
	GlobalSection(ProjectConfigurationPlatforms) = postSolution
		{4B3EEBC2-3AFA-40EB-9C1D-FA39C2D28EF1}.Debug|Any CPU.ActiveCfg = Debug|Any CPU
		{4B3EEBC2-3AFA-40EB-9C1D-FA39C2D28EF1}.Debug|Any CPU.Build.0 = Debug|Any CPU
		{4B3EEBC2-3AFA-40EB-9C1D-FA39C2D28EF1}.Release|Any CPU.ActiveCfg = Release|Any CPU
		{4B3EEBC2-3AFA-40EB-9C1D-FA39C2D28EF1}.Release|Any CPU.Build.0 = Release|Any CPU
		{510E2335-CCFC-4DCA-9A3B-6C382373E10A}.Debug|Any CPU.ActiveCfg = Debug|Any CPU
		{510E2335-CCFC-4DCA-9A3B-6C382373E10A}.Debug|Any CPU.Build.0 = Debug|Any CPU
		{510E2335-CCFC-4DCA-9A3B-6C382373E10A}.Release|Any CPU.ActiveCfg = Release|Any CPU
		{510E2335-CCFC-4DCA-9A3B-6C382373E10A}.Release|Any CPU.Build.0 = Release|Any CPU
	EndGlobalSection
	GlobalSection(SolutionProperties) = preSolution
		HideSolutionNode = FALSE
	EndGlobalSection
	GlobalSection(ExtensibilityGlobals) = postSolution
		SolutionGuid = {E36C479F-E380-4D65-857D-91399707CA93}
	EndGlobalSection
EndGlobal
